
Microsoft Visual Studio Solution File, Format Version 12.00
# Visual Studio 2013
VisualStudioVersion = 12.0.21005.1
MinimumVisualStudioVersion = 10.0.40219.1
Project("{FAE04EC0-301F-11D3-BF4B-00C04F79EFBC}") = "ESPL.BRE.Web", "ESPL.BRE.Web\ESPL.BRE.Web.csproj", "{72A62F34-305F-4DC6-A4B5-41C958778185}"
EndProject
Project("{FAE04EC0-301F-11D3-BF4B-00C04F79EFBC}") = "ESPL.Rule", "ESPL.Rule\ESPL.Rule.csproj", "{19FE0645-5F81-4A37-9A6E-76BB20B73C31}"
EndProject
Project("{FAE04EC0-301F-11D3-BF4B-00C04F79EFBC}") = "ESPL.Rule.Demo", "ESPL.Rule.Demo\ESPL.Rule.Demo.csproj", "{47D086E7-8A36-420F-BD12-E3AEDDD89FE0}"
EndProject
Global
	GlobalSection(SolutionConfigurationPlatforms) = preSolution
		Debug|Any CPU = Debug|Any CPU
		Release|Any CPU = Release|Any CPU
	EndGlobalSection
	GlobalSection(ProjectConfigurationPlatforms) = postSolution
		{72A62F34-305F-4DC6-A4B5-41C958778185}.Debug|Any CPU.ActiveCfg = Debug|Any CPU
		{72A62F34-305F-4DC6-A4B5-41C958778185}.Debug|Any CPU.Build.0 = Debug|Any CPU
		{72A62F34-305F-4DC6-A4B5-41C958778185}.Release|Any CPU.ActiveCfg = Release|Any CPU
		{72A62F34-305F-4DC6-A4B5-41C958778185}.Release|Any CPU.Build.0 = Release|Any CPU
		{19FE0645-5F81-4A37-9A6E-76BB20B73C31}.Debug|Any CPU.ActiveCfg = Debug|Any CPU
		{19FE0645-5F81-4A37-9A6E-76BB20B73C31}.Debug|Any CPU.Build.0 = Debug|Any CPU
		{19FE0645-5F81-4A37-9A6E-76BB20B73C31}.Release|Any CPU.ActiveCfg = Release|Any CPU
		{19FE0645-5F81-4A37-9A6E-76BB20B73C31}.Release|Any CPU.Build.0 = Release|Any CPU
		{47D086E7-8A36-420F-BD12-E3AEDDD89FE0}.Debug|Any CPU.ActiveCfg = Debug|Any CPU
		{47D086E7-8A36-420F-BD12-E3AEDDD89FE0}.Debug|Any CPU.Build.0 = Debug|Any CPU
		{47D086E7-8A36-420F-BD12-E3AEDDD89FE0}.Release|Any CPU.ActiveCfg = Release|Any CPU
		{47D086E7-8A36-420F-BD12-E3AEDDD89FE0}.Release|Any CPU.Build.0 = Release|Any CPU
	EndGlobalSection
	GlobalSection(SolutionProperties) = preSolution
		HideSolutionNode = FALSE
	EndGlobalSection
EndGlobal
